// !$*UTF8*$!
{
	archiveVersion = 1;
	classes = {
	};
	objectVersion = 48;
	objects = {

/* Begin PBXBuildFile section */
		0C1F449A20B2EB4B00D177A5 /* RegisterView.m in Sources */ = {isa = PBXBuildFile; fileRef = 0C1F449920B2EB4B00D177A5 /* RegisterView.m */; };
		0C1F44A020B2EDC600D177A5 /* RegisterViewController.m in Sources */ = {isa = PBXBuildFile; fileRef = 0C1F449F20B2EDC600D177A5 /* RegisterViewController.m */; };
		0C67CAC220B6D21E00B1CCC4 /* TextFieldCell.m in Sources */ = {isa = PBXBuildFile; fileRef = 0C67CAC120B6D21E00B1CCC4 /* TextFieldCell.m */; };
		0C67CAC720B6DE0100B1CCC4 /* SetSexViewController.m in Sources */ = {isa = PBXBuildFile; fileRef = 0C67CAC620B6DE0100B1CCC4 /* SetSexViewController.m */; };
		0C67CACB20B6E3FE00B1CCC4 /* SetDepViewController.m in Sources */ = {isa = PBXBuildFile; fileRef = 0C67CACA20B6E3FE00B1CCC4 /* SetDepViewController.m */; };
		0C67CACF20B6E73900B1CCC4 /* SetPhoneViewController.m in Sources */ = {isa = PBXBuildFile; fileRef = 0C67CACE20B6E73900B1CCC4 /* SetPhoneViewController.m */; };
		0C67CAD320B8306000B1CCC4 /* AddGoodsViewController.m in Sources */ = {isa = PBXBuildFile; fileRef = 0C67CAD220B8306000B1CCC4 /* AddGoodsViewController.m */; };
		0C6A867120B585AB00C8D350 /* UserTableViewCell.m in Sources */ = {isa = PBXBuildFile; fileRef = 0C6A867020B585AB00C8D350 /* UserTableViewCell.m */; };
		0C6A867520B59DA800C8D350 /* UserInfoViewController.m in Sources */ = {isa = PBXBuildFile; fileRef = 0C6A867420B59DA800C8D350 /* UserInfoViewController.m */; };
		0C6BDE9E20BC2E18009E36BE /* goodsInfoModel.m in Sources */ = {isa = PBXBuildFile; fileRef = 0C6BDE9D20BC2E18009E36BE /* goodsInfoModel.m */; };
		0C6BDEA420BEE3DB009E36BE /* CheckGoodsModel.m in Sources */ = {isa = PBXBuildFile; fileRef = 0C6BDEA320BEE3DB009E36BE /* CheckGoodsModel.m */; };
		0C6BDEA820C005B5009E36BE /* CheckGoodsViewController.m in Sources */ = {isa = PBXBuildFile; fileRef = 0C6BDEA720C005B5009E36BE /* CheckGoodsViewController.m */; };
		0C6BDEAE20C0404F009E36BE /* MoneyViewController.m in Sources */ = {isa = PBXBuildFile; fileRef = 0C6BDEAD20C0404F009E36BE /* MoneyViewController.m */; };
		0C6BDEB120C041B4009E36BE /* MoneyTableViewCell.m in Sources */ = {isa = PBXBuildFile; fileRef = 0C6BDEB020C041B4009E36BE /* MoneyTableViewCell.m */; };
		0C6BDEB520C17BD7009E36BE /* CompleteViewController.m in Sources */ = {isa = PBXBuildFile; fileRef = 0C6BDEB420C17BD7009E36BE /* CompleteViewController.m */; };
		0C6BDEB920C1A26B009E36BE /* goodsInfoTableViewCell.m in Sources */ = {isa = PBXBuildFile; fileRef = 0C6BDEB820C1A26B009E36BE /* goodsInfoTableViewCell.m */; };
		0C782A2820B18F1400B5C834 /* LoginView.m in Sources */ = {isa = PBXBuildFile; fileRef = 0C782A2720B18F1400B5C834 /* LoginView.m */; };
		0C782A2B20B1923E00B5C834 /* LoginNavController.m in Sources */ = {isa = PBXBuildFile; fileRef = 0C782A2A20B1923E00B5C834 /* LoginNavController.m */; };
		8305560120C120C100DC21BA /* InsertMoneyViewController.m in Sources */ = {isa = PBXBuildFile; fileRef = 8305560020C120C100DC21BA /* InsertMoneyViewController.m */; };
		831295B220B2C0B40019F6C3 /* UserInfomation.m in Sources */ = {isa = PBXBuildFile; fileRef = 831295B120B2C0B40019F6C3 /* UserInfomation.m */; };
		8338D19620B65214008B9343 /* UserSetViewController.m in Sources */ = {isa = PBXBuildFile; fileRef = 8338D19520B65214008B9343 /* UserSetViewController.m */; };
		8338D19B20B6B0A7008B9343 /* SetNameViewController.m in Sources */ = {isa = PBXBuildFile; fileRef = 8338D19A20B6B0A7008B9343 /* SetNameViewController.m */; };
		837FF36520BB9FC50093E5FD /* GoodsTableViewCell.m in Sources */ = {isa = PBXBuildFile; fileRef = 837FF36420BB9FC50093E5FD /* GoodsTableViewCell.m */; };
		83F67C1020B04F4200B9292F /* AppDelegate.m in Sources */ = {isa = PBXBuildFile; fileRef = 83F67C0F20B04F4200B9292F /* AppDelegate.m */; };
		83F67C1320B04F4200B9292F /* ViewController.m in Sources */ = {isa = PBXBuildFile; fileRef = 83F67C1220B04F4200B9292F /* ViewController.m */; };
		83F67C1620B04F4200B9292F /* Main.storyboard in Resources */ = {isa = PBXBuildFile; fileRef = 83F67C1420B04F4200B9292F /* Main.storyboard */; };
		83F67C1820B04F4200B9292F /* Assets.xcassets in Resources */ = {isa = PBXBuildFile; fileRef = 83F67C1720B04F4200B9292F /* Assets.xcassets */; };
		83F67C1B20B04F4200B9292F /* LaunchScreen.storyboard in Resources */ = {isa = PBXBuildFile; fileRef = 83F67C1920B04F4200B9292F /* LaunchScreen.storyboard */; };
		83F67C1E20B04F4200B9292F /* main.m in Sources */ = {isa = PBXBuildFile; fileRef = 83F67C1D20B04F4200B9292F /* main.m */; };
		83F67C2820B04F4200B9292F /* Secondary_MarketTests.m in Sources */ = {isa = PBXBuildFile; fileRef = 83F67C2720B04F4200B9292F /* Secondary_MarketTests.m */; };
		83F67C3320B04F4200B9292F /* Secondary_MarketUITests.m in Sources */ = {isa = PBXBuildFile; fileRef = 83F67C3220B04F4200B9292F /* Secondary_MarketUITests.m */; };
		83F67C4B20B0534A00B9292F /* RootViewController.m in Sources */ = {isa = PBXBuildFile; fileRef = 83F67C4A20B0534A00B9292F /* RootViewController.m */; };
		83F67C4E20B0539300B9292F /* FirstViewNavigationController.m in Sources */ = {isa = PBXBuildFile; fileRef = 83F67C4D20B0539300B9292F /* FirstViewNavigationController.m */; };
		83F67C5420B055A600B9292F /* CommunityViewNavController.m in Sources */ = {isa = PBXBuildFile; fileRef = 83F67C5320B055A600B9292F /* CommunityViewNavController.m */; };
		83F67C5720B055F200B9292F /* MessageViewNavController.m in Sources */ = {isa = PBXBuildFile; fileRef = 83F67C5620B055F200B9292F /* MessageViewNavController.m */; };
		83F67C5C20B057B100B9292F /* UserViewNavController.m in Sources */ = {isa = PBXBuildFile; fileRef = 83F67C5B20B057B100B9292F /* UserViewNavController.m */; };
		83F67C6020B065E500B9292F /* FirstViewController.m in Sources */ = {isa = PBXBuildFile; fileRef = 83F67C5F20B065E500B9292F /* FirstViewController.m */; };
		83F67C6320B0665F00B9292F /* CommunityViewController.m in Sources */ = {isa = PBXBuildFile; fileRef = 83F67C6220B0665F00B9292F /* CommunityViewController.m */; };
		83F67C6620B0669500B9292F /* MessageViewController.m in Sources */ = {isa = PBXBuildFile; fileRef = 83F67C6520B0669500B9292F /* MessageViewController.m */; };
		83F67C6920B066AA00B9292F /* UserViewController.m in Sources */ = {isa = PBXBuildFile; fileRef = 83F67C6820B066AA00B9292F /* UserViewController.m */; };
		83F67C7D20B1000200B9292F /* MCTabBar.m in Sources */ = {isa = PBXBuildFile; fileRef = 83F67C7C20B1000200B9292F /* MCTabBar.m */; };
		83F67C8020B1138D00B9292F /* LoginViewController.m in Sources */ = {isa = PBXBuildFile; fileRef = 83F67C7F20B1138D00B9292F /* LoginViewController.m */; };
		F5AAD2C5189308D8E2408DDB /* libPods-Secondary_Market.a in Frameworks */ = {isa = PBXBuildFile; fileRef = 53B3CC458F0D252F890DEDFD /* libPods-Secondary_Market.a */; };
/* End PBXBuildFile section */

/* Begin PBXContainerItemProxy section */
		83F67C2420B04F4200B9292F /* PBXContainerItemProxy */ = {
			isa = PBXContainerItemProxy;
			containerPortal = 83F67C0320B04F4200B9292F /* Project object */;
			proxyType = 1;
			remoteGlobalIDString = 83F67C0A20B04F4200B9292F;
			remoteInfo = Secondary_Market;
		};
		83F67C2F20B04F4200B9292F /* PBXContainerItemProxy */ = {
			isa = PBXContainerItemProxy;
			containerPortal = 83F67C0320B04F4200B9292F /* Project object */;
			proxyType = 1;
			remoteGlobalIDString = 83F67C0A20B04F4200B9292F;
			remoteInfo = Secondary_Market;
		};
/* End PBXContainerItemProxy section */

/* Begin PBXFileReference section */
		0C1F449820B2EB4B00D177A5 /* RegisterView.h */ = {isa = PBXFileReference; lastKnownFileType = sourcecode.c.h; path = RegisterView.h; sourceTree = "<group>"; };
		0C1F449920B2EB4B00D177A5 /* RegisterView.m */ = {isa = PBXFileReference; lastKnownFileType = sourcecode.c.objc; path = RegisterView.m; sourceTree = "<group>"; };
		0C1F449E20B2EDC600D177A5 /* RegisterViewController.h */ = {isa = PBXFileReference; lastKnownFileType = sourcecode.c.h; path = RegisterViewController.h; sourceTree = "<group>"; };
		0C1F449F20B2EDC600D177A5 /* RegisterViewController.m */ = {isa = PBXFileReference; lastKnownFileType = sourcecode.c.objc; path = RegisterViewController.m; sourceTree = "<group>"; };
		0C67CAC020B6D21E00B1CCC4 /* TextFieldCell.h */ = {isa = PBXFileReference; lastKnownFileType = sourcecode.c.h; path = TextFieldCell.h; sourceTree = "<group>"; };
		0C67CAC120B6D21E00B1CCC4 /* TextFieldCell.m */ = {isa = PBXFileReference; lastKnownFileType = sourcecode.c.objc; path = TextFieldCell.m; sourceTree = "<group>"; };
		0C67CAC520B6DE0100B1CCC4 /* SetSexViewController.h */ = {isa = PBXFileReference; lastKnownFileType = sourcecode.c.h; path = SetSexViewController.h; sourceTree = "<group>"; };
		0C67CAC620B6DE0100B1CCC4 /* SetSexViewController.m */ = {isa = PBXFileReference; lastKnownFileType = sourcecode.c.objc; path = SetSexViewController.m; sourceTree = "<group>"; };
		0C67CAC920B6E3FE00B1CCC4 /* SetDepViewController.h */ = {isa = PBXFileReference; lastKnownFileType = sourcecode.c.h; path = SetDepViewController.h; sourceTree = "<group>"; };
		0C67CACA20B6E3FE00B1CCC4 /* SetDepViewController.m */ = {isa = PBXFileReference; lastKnownFileType = sourcecode.c.objc; path = SetDepViewController.m; sourceTree = "<group>"; };
		0C67CACD20B6E73900B1CCC4 /* SetPhoneViewController.h */ = {isa = PBXFileReference; lastKnownFileType = sourcecode.c.h; path = SetPhoneViewController.h; sourceTree = "<group>"; };
		0C67CACE20B6E73900B1CCC4 /* SetPhoneViewController.m */ = {isa = PBXFileReference; lastKnownFileType = sourcecode.c.objc; path = SetPhoneViewController.m; sourceTree = "<group>"; };
		0C67CAD120B8306000B1CCC4 /* AddGoodsViewController.h */ = {isa = PBXFileReference; lastKnownFileType = sourcecode.c.h; path = AddGoodsViewController.h; sourceTree = "<group>"; };
		0C67CAD220B8306000B1CCC4 /* AddGoodsViewController.m */ = {isa = PBXFileReference; lastKnownFileType = sourcecode.c.objc; path = AddGoodsViewController.m; sourceTree = "<group>"; };
		0C6A866F20B585AB00C8D350 /* UserTableViewCell.h */ = {isa = PBXFileReference; lastKnownFileType = sourcecode.c.h; path = UserTableViewCell.h; sourceTree = "<group>"; };
		0C6A867020B585AB00C8D350 /* UserTableViewCell.m */ = {isa = PBXFileReference; lastKnownFileType = sourcecode.c.objc; path = UserTableViewCell.m; sourceTree = "<group>"; };
		0C6A867320B59DA800C8D350 /* UserInfoViewController.h */ = {isa = PBXFileReference; lastKnownFileType = sourcecode.c.h; path = UserInfoViewController.h; sourceTree = "<group>"; };
		0C6A867420B59DA800C8D350 /* UserInfoViewController.m */ = {isa = PBXFileReference; lastKnownFileType = sourcecode.c.objc; path = UserInfoViewController.m; sourceTree = "<group>"; };
		0C6BDE9C20BC2E18009E36BE /* goodsInfoModel.h */ = {isa = PBXFileReference; lastKnownFileType = sourcecode.c.h; path = goodsInfoModel.h; sourceTree = "<group>"; };
		0C6BDE9D20BC2E18009E36BE /* goodsInfoModel.m */ = {isa = PBXFileReference; lastKnownFileType = sourcecode.c.objc; path = goodsInfoModel.m; sourceTree = "<group>"; };
		0C6BDEA220BEE3DB009E36BE /* CheckGoodsModel.h */ = {isa = PBXFileReference; lastKnownFileType = sourcecode.c.h; path = CheckGoodsModel.h; sourceTree = "<group>"; };
		0C6BDEA320BEE3DB009E36BE /* CheckGoodsModel.m */ = {isa = PBXFileReference; lastKnownFileType = sourcecode.c.objc; path = CheckGoodsModel.m; sourceTree = "<group>"; };
		0C6BDEA620C005B5009E36BE /* CheckGoodsViewController.h */ = {isa = PBXFileReference; lastKnownFileType = sourcecode.c.h; path = CheckGoodsViewController.h; sourceTree = "<group>"; };
		0C6BDEA720C005B5009E36BE /* CheckGoodsViewController.m */ = {isa = PBXFileReference; lastKnownFileType = sourcecode.c.objc; path = CheckGoodsViewController.m; sourceTree = "<group>"; };
		0C6BDEAC20C0404F009E36BE /* MoneyViewController.h */ = {isa = PBXFileReference; lastKnownFileType = sourcecode.c.h; path = MoneyViewController.h; sourceTree = "<group>"; };
		0C6BDEAD20C0404F009E36BE /* MoneyViewController.m */ = {isa = PBXFileReference; lastKnownFileType = sourcecode.c.objc; path = MoneyViewController.m; sourceTree = "<group>"; };
		0C6BDEAF20C041B4009E36BE /* MoneyTableViewCell.h */ = {isa = PBXFileReference; lastKnownFileType = sourcecode.c.h; path = MoneyTableViewCell.h; sourceTree = "<group>"; };
		0C6BDEB020C041B4009E36BE /* MoneyTableViewCell.m */ = {isa = PBXFileReference; lastKnownFileType = sourcecode.c.objc; path = MoneyTableViewCell.m; sourceTree = "<group>"; };
		0C6BDEB320C17BD7009E36BE /* CompleteViewController.h */ = {isa = PBXFileReference; lastKnownFileType = sourcecode.c.h; path = CompleteViewController.h; sourceTree = "<group>"; };
		0C6BDEB420C17BD7009E36BE /* CompleteViewController.m */ = {isa = PBXFileReference; lastKnownFileType = sourcecode.c.objc; path = CompleteViewController.m; sourceTree = "<group>"; };
		0C6BDEB720C1A26B009E36BE /* goodsInfoTableViewCell.h */ = {isa = PBXFileReference; lastKnownFileType = sourcecode.c.h; path = goodsInfoTableViewCell.h; sourceTree = "<group>"; };
		0C6BDEB820C1A26B009E36BE /* goodsInfoTableViewCell.m */ = {isa = PBXFileReference; lastKnownFileType = sourcecode.c.objc; path = goodsInfoTableViewCell.m; sourceTree = "<group>"; };
		0C782A2620B18F1400B5C834 /* LoginView.h */ = {isa = PBXFileReference; lastKnownFileType = sourcecode.c.h; path = LoginView.h; sourceTree = "<group>"; };
		0C782A2720B18F1400B5C834 /* LoginView.m */ = {isa = PBXFileReference; lastKnownFileType = sourcecode.c.objc; path = LoginView.m; sourceTree = "<group>"; };
		0C782A2920B1923E00B5C834 /* LoginNavController.h */ = {isa = PBXFileReference; lastKnownFileType = sourcecode.c.h; path = LoginNavController.h; sourceTree = "<group>"; };
		0C782A2A20B1923E00B5C834 /* LoginNavController.m */ = {isa = PBXFileReference; lastKnownFileType = sourcecode.c.objc; path = LoginNavController.m; sourceTree = "<group>"; };
		53B3CC458F0D252F890DEDFD /* libPods-Secondary_Market.a */ = {isa = PBXFileReference; explicitFileType = archive.ar; includeInIndex = 0; path = "libPods-Secondary_Market.a"; sourceTree = BUILT_PRODUCTS_DIR; };
		830555FF20C120C100DC21BA /* InsertMoneyViewController.h */ = {isa = PBXFileReference; lastKnownFileType = sourcecode.c.h; path = InsertMoneyViewController.h; sourceTree = "<group>"; };
		8305560020C120C100DC21BA /* InsertMoneyViewController.m */ = {isa = PBXFileReference; lastKnownFileType = sourcecode.c.objc; path = InsertMoneyViewController.m; sourceTree = "<group>"; };
		831295B020B2C0B40019F6C3 /* UserInfomation.h */ = {isa = PBXFileReference; lastKnownFileType = sourcecode.c.h; path = UserInfomation.h; sourceTree = "<group>"; };
		831295B120B2C0B40019F6C3 /* UserInfomation.m */ = {isa = PBXFileReference; lastKnownFileType = sourcecode.c.objc; path = UserInfomation.m; sourceTree = "<group>"; };
		8338D19420B65214008B9343 /* UserSetViewController.h */ = {isa = PBXFileReference; lastKnownFileType = sourcecode.c.h; path = UserSetViewController.h; sourceTree = "<group>"; };
		8338D19520B65214008B9343 /* UserSetViewController.m */ = {isa = PBXFileReference; lastKnownFileType = sourcecode.c.objc; path = UserSetViewController.m; sourceTree = "<group>"; };
		8338D19920B6B0A7008B9343 /* SetNameViewController.h */ = {isa = PBXFileReference; lastKnownFileType = sourcecode.c.h; path = SetNameViewController.h; sourceTree = "<group>"; };
		8338D19A20B6B0A7008B9343 /* SetNameViewController.m */ = {isa = PBXFileReference; lastKnownFileType = sourcecode.c.objc; path = SetNameViewController.m; sourceTree = "<group>"; };
		837FF36320BB9FC50093E5FD /* GoodsTableViewCell.h */ = {isa = PBXFileReference; lastKnownFileType = sourcecode.c.h; path = GoodsTableViewCell.h; sourceTree = "<group>"; };
		837FF36420BB9FC50093E5FD /* GoodsTableViewCell.m */ = {isa = PBXFileReference; lastKnownFileType = sourcecode.c.objc; path = GoodsTableViewCell.m; sourceTree = "<group>"; };
		83F67C0B20B04F4200B9292F /* Secondary_Market.app */ = {isa = PBXFileReference; explicitFileType = wrapper.application; includeInIndex = 0; path = Secondary_Market.app; sourceTree = BUILT_PRODUCTS_DIR; };
		83F67C0E20B04F4200B9292F /* AppDelegate.h */ = {isa = PBXFileReference; lastKnownFileType = sourcecode.c.h; path = AppDelegate.h; sourceTree = "<group>"; };
		83F67C0F20B04F4200B9292F /* AppDelegate.m */ = {isa = PBXFileReference; lastKnownFileType = sourcecode.c.objc; path = AppDelegate.m; sourceTree = "<group>"; };
		83F67C1120B04F4200B9292F /* ViewController.h */ = {isa = PBXFileReference; lastKnownFileType = sourcecode.c.h; path = ViewController.h; sourceTree = "<group>"; };
		83F67C1220B04F4200B9292F /* ViewController.m */ = {isa = PBXFileReference; lastKnownFileType = sourcecode.c.objc; path = ViewController.m; sourceTree = "<group>"; };
		83F67C1520B04F4200B9292F /* Base */ = {isa = PBXFileReference; lastKnownFileType = file.storyboard; name = Base; path = Base.lproj/Main.storyboard; sourceTree = "<group>"; };
		83F67C1720B04F4200B9292F /* Assets.xcassets */ = {isa = PBXFileReference; lastKnownFileType = folder.assetcatalog; path = Assets.xcassets; sourceTree = "<group>"; };
		83F67C1A20B04F4200B9292F /* Base */ = {isa = PBXFileReference; lastKnownFileType = file.storyboard; name = Base; path = Base.lproj/LaunchScreen.storyboard; sourceTree = "<group>"; };
		83F67C1C20B04F4200B9292F /* Info.plist */ = {isa = PBXFileReference; lastKnownFileType = text.plist.xml; path = Info.plist; sourceTree = "<group>"; };
		83F67C1D20B04F4200B9292F /* main.m */ = {isa = PBXFileReference; lastKnownFileType = sourcecode.c.objc; path = main.m; sourceTree = "<group>"; };
		83F67C2320B04F4200B9292F /* Secondary_MarketTests.xctest */ = {isa = PBXFileReference; explicitFileType = wrapper.cfbundle; includeInIndex = 0; path = Secondary_MarketTests.xctest; sourceTree = BUILT_PRODUCTS_DIR; };
		83F67C2720B04F4200B9292F /* Secondary_MarketTests.m */ = {isa = PBXFileReference; lastKnownFileType = sourcecode.c.objc; path = Secondary_MarketTests.m; sourceTree = "<group>"; };
		83F67C2920B04F4200B9292F /* Info.plist */ = {isa = PBXFileReference; lastKnownFileType = text.plist.xml; path = Info.plist; sourceTree = "<group>"; };
		83F67C2E20B04F4200B9292F /* Secondary_MarketUITests.xctest */ = {isa = PBXFileReference; explicitFileType = wrapper.cfbundle; includeInIndex = 0; path = Secondary_MarketUITests.xctest; sourceTree = BUILT_PRODUCTS_DIR; };
		83F67C3220B04F4200B9292F /* Secondary_MarketUITests.m */ = {isa = PBXFileReference; lastKnownFileType = sourcecode.c.objc; path = Secondary_MarketUITests.m; sourceTree = "<group>"; };
		83F67C3420B04F4200B9292F /* Info.plist */ = {isa = PBXFileReference; lastKnownFileType = text.plist.xml; path = Info.plist; sourceTree = "<group>"; };
		83F67C4920B0534A00B9292F /* RootViewController.h */ = {isa = PBXFileReference; lastKnownFileType = sourcecode.c.h; path = RootViewController.h; sourceTree = "<group>"; };
		83F67C4A20B0534A00B9292F /* RootViewController.m */ = {isa = PBXFileReference; lastKnownFileType = sourcecode.c.objc; path = RootViewController.m; sourceTree = "<group>"; };
		83F67C4C20B0539300B9292F /* FirstViewNavigationController.h */ = {isa = PBXFileReference; lastKnownFileType = sourcecode.c.h; path = FirstViewNavigationController.h; sourceTree = "<group>"; };
		83F67C4D20B0539300B9292F /* FirstViewNavigationController.m */ = {isa = PBXFileReference; lastKnownFileType = sourcecode.c.objc; path = FirstViewNavigationController.m; sourceTree = "<group>"; };
		83F67C5220B055A600B9292F /* CommunityViewNavController.h */ = {isa = PBXFileReference; lastKnownFileType = sourcecode.c.h; path = CommunityViewNavController.h; sourceTree = "<group>"; };
		83F67C5320B055A600B9292F /* CommunityViewNavController.m */ = {isa = PBXFileReference; lastKnownFileType = sourcecode.c.objc; path = CommunityViewNavController.m; sourceTree = "<group>"; };
		83F67C5520B055F200B9292F /* MessageViewNavController.h */ = {isa = PBXFileReference; lastKnownFileType = sourcecode.c.h; path = MessageViewNavController.h; sourceTree = "<group>"; };
		83F67C5620B055F200B9292F /* MessageViewNavController.m */ = {isa = PBXFileReference; lastKnownFileType = sourcecode.c.objc; path = MessageViewNavController.m; sourceTree = "<group>"; };
		83F67C5A20B057B100B9292F /* UserViewNavController.h */ = {isa = PBXFileReference; lastKnownFileType = sourcecode.c.h; path = UserViewNavController.h; sourceTree = "<group>"; };
		83F67C5B20B057B100B9292F /* UserViewNavController.m */ = {isa = PBXFileReference; lastKnownFileType = sourcecode.c.objc; path = UserViewNavController.m; sourceTree = "<group>"; };
		83F67C5E20B065E500B9292F /* FirstViewController.h */ = {isa = PBXFileReference; lastKnownFileType = sourcecode.c.h; path = FirstViewController.h; sourceTree = "<group>"; };
		83F67C5F20B065E500B9292F /* FirstViewController.m */ = {isa = PBXFileReference; lastKnownFileType = sourcecode.c.objc; path = FirstViewController.m; sourceTree = "<group>"; };
		83F67C6120B0665F00B9292F /* CommunityViewController.h */ = {isa = PBXFileReference; lastKnownFileType = sourcecode.c.h; path = CommunityViewController.h; sourceTree = "<group>"; };
		83F67C6220B0665F00B9292F /* CommunityViewController.m */ = {isa = PBXFileReference; lastKnownFileType = sourcecode.c.objc; path = CommunityViewController.m; sourceTree = "<group>"; };
		83F67C6420B0669500B9292F /* MessageViewController.h */ = {isa = PBXFileReference; lastKnownFileType = sourcecode.c.h; path = MessageViewController.h; sourceTree = "<group>"; };
		83F67C6520B0669500B9292F /* MessageViewController.m */ = {isa = PBXFileReference; lastKnownFileType = sourcecode.c.objc; path = MessageViewController.m; sourceTree = "<group>"; };
		83F67C6720B066AA00B9292F /* UserViewController.h */ = {isa = PBXFileReference; lastKnownFileType = sourcecode.c.h; path = UserViewController.h; sourceTree = "<group>"; };
		83F67C6820B066AA00B9292F /* UserViewController.m */ = {isa = PBXFileReference; lastKnownFileType = sourcecode.c.objc; path = UserViewController.m; sourceTree = "<group>"; };
		83F67C7B20B1000200B9292F /* MCTabBar.h */ = {isa = PBXFileReference; lastKnownFileType = sourcecode.c.h; path = MCTabBar.h; sourceTree = "<group>"; };
		83F67C7C20B1000200B9292F /* MCTabBar.m */ = {isa = PBXFileReference; lastKnownFileType = sourcecode.c.objc; path = MCTabBar.m; sourceTree = "<group>"; };
		83F67C7E20B1138D00B9292F /* LoginViewController.h */ = {isa = PBXFileReference; lastKnownFileType = sourcecode.c.h; path = LoginViewController.h; sourceTree = "<group>"; };
		83F67C7F20B1138D00B9292F /* LoginViewController.m */ = {isa = PBXFileReference; lastKnownFileType = sourcecode.c.objc; path = LoginViewController.m; sourceTree = "<group>"; };
		C833B9D44ACB907B73735510 /* Pods-Secondary_Market.debug.xcconfig */ = {isa = PBXFileReference; includeInIndex = 1; lastKnownFileType = text.xcconfig; name = "Pods-Secondary_Market.debug.xcconfig"; path = "Pods/Target Support Files/Pods-Secondary_Market/Pods-Secondary_Market.debug.xcconfig"; sourceTree = "<group>"; };
		E55E5E46DE5B97FFC2DB5559 /* Pods-Secondary_Market.release.xcconfig */ = {isa = PBXFileReference; includeInIndex = 1; lastKnownFileType = text.xcconfig; name = "Pods-Secondary_Market.release.xcconfig"; path = "Pods/Target Support Files/Pods-Secondary_Market/Pods-Secondary_Market.release.xcconfig"; sourceTree = "<group>"; };
/* End PBXFileReference section */

/* Begin PBXFrameworksBuildPhase section */
		83F67C0820B04F4200B9292F /* Frameworks */ = {
			isa = PBXFrameworksBuildPhase;
			buildActionMask = 2147483647;
			files = (
				F5AAD2C5189308D8E2408DDB /* libPods-Secondary_Market.a in Frameworks */,
			);
			runOnlyForDeploymentPostprocessing = 0;
		};
		83F67C2020B04F4200B9292F /* Frameworks */ = {
			isa = PBXFrameworksBuildPhase;
			buildActionMask = 2147483647;
			files = (
			);
			runOnlyForDeploymentPostprocessing = 0;
		};
		83F67C2B20B04F4200B9292F /* Frameworks */ = {
			isa = PBXFrameworksBuildPhase;
			buildActionMask = 2147483647;
			files = (
			);
			runOnlyForDeploymentPostprocessing = 0;
		};
/* End PBXFrameworksBuildPhase section */

/* Begin PBXGroup section */
		0C1F449520B2EAB900D177A5 /* RegisterView */ = {
			isa = PBXGroup;
			children = (
				0C1F449620B2EB2000D177A5 /* View */,
				0C1F449720B2EB2A00D177A5 /* Controller */,
			);
			path = RegisterView;
			sourceTree = "<group>";
		};
		0C1F449620B2EB2000D177A5 /* View */ = {
			isa = PBXGroup;
			children = (
				0C1F449820B2EB4B00D177A5 /* RegisterView.h */,
				0C1F449920B2EB4B00D177A5 /* RegisterView.m */,
			);
			path = View;
			sourceTree = "<group>";
		};
		0C1F449720B2EB2A00D177A5 /* Controller */ = {
			isa = PBXGroup;
			children = (
				0C1F449E20B2EDC600D177A5 /* RegisterViewController.h */,
				0C1F449F20B2EDC600D177A5 /* RegisterViewController.m */,
			);
			path = Controller;
			sourceTree = "<group>";
		};
		0C67CABE20B6D1E600B1CCC4 /* View */ = {
			isa = PBXGroup;
			children = (
				0C67CAC020B6D21E00B1CCC4 /* TextFieldCell.h */,
				0C67CAC120B6D21E00B1CCC4 /* TextFieldCell.m */,
			);
			path = View;
			sourceTree = "<group>";
		};
		0C67CAC320B6DDB500B1CCC4 /* SetSex */ = {
			isa = PBXGroup;
			children = (
				0C67CAC520B6DE0100B1CCC4 /* SetSexViewController.h */,
				0C67CAC620B6DE0100B1CCC4 /* SetSexViewController.m */,
			);
			path = SetSex;
			sourceTree = "<group>";
		};
		0C67CAC820B6E31600B1CCC4 /* SetDep */ = {
			isa = PBXGroup;
			children = (
				0C67CAC920B6E3FE00B1CCC4 /* SetDepViewController.h */,
				0C67CACA20B6E3FE00B1CCC4 /* SetDepViewController.m */,
			);
			path = SetDep;
			sourceTree = "<group>";
		};
		0C67CACC20B6E72500B1CCC4 /* SetPhone */ = {
			isa = PBXGroup;
			children = (
				0C67CACD20B6E73900B1CCC4 /* SetPhoneViewController.h */,
				0C67CACE20B6E73900B1CCC4 /* SetPhoneViewController.m */,
			);
			path = SetPhone;
			sourceTree = "<group>";
		};
		0C67CAD020B8293F00B1CCC4 /* NewGoods */ = {
			isa = PBXGroup;
			children = (
				0C67CAD120B8306000B1CCC4 /* AddGoodsViewController.h */,
				0C67CAD220B8306000B1CCC4 /* AddGoodsViewController.m */,
			);
			path = NewGoods;
			sourceTree = "<group>";
		};
		0C6A866E20B5858600C8D350 /* View */ = {
			isa = PBXGroup;
			children = (
				0C6A866F20B585AB00C8D350 /* UserTableViewCell.h */,
				0C6A867020B585AB00C8D350 /* UserTableViewCell.m */,
			);
			path = View;
			sourceTree = "<group>";
		};
		0C6A867220B59D6B00C8D350 /* UserInfomation */ = {
			isa = PBXGroup;
			children = (
				8338D19720B6B015008B9343 /* ChildVIew */,
				0C6A867620B59DAD00C8D350 /* Controller */,
			);
			path = UserInfomation;
			sourceTree = "<group>";
		};
		0C6A867620B59DAD00C8D350 /* Controller */ = {
			isa = PBXGroup;
			children = (
				0C6A867320B59DA800C8D350 /* UserInfoViewController.h */,
				0C6A867420B59DA800C8D350 /* UserInfoViewController.m */,
			);
			path = Controller;
			sourceTree = "<group>";
		};
		0C6BDE9F20BC2E20009E36BE /* Model */ = {
			isa = PBXGroup;
			children = (
				0C6BDE9C20BC2E18009E36BE /* goodsInfoModel.h */,
				0C6BDE9D20BC2E18009E36BE /* goodsInfoModel.m */,
			);
			path = Model;
			sourceTree = "<group>";
		};
		0C6BDEA020BCFA8E009E36BE /* CheckGoodsView */ = {
			isa = PBXGroup;
			children = (
				0C6BDEB620C1A198009E36BE /* View */,
				0C6BDEA120BCFAB8009E36BE /* Model */,
				0C6BDEA520C00588009E36BE /* Controller */,
			);
			path = CheckGoodsView;
			sourceTree = "<group>";
		};
		0C6BDEA120BCFAB8009E36BE /* Model */ = {
			isa = PBXGroup;
			children = (
				0C6BDEA220BEE3DB009E36BE /* CheckGoodsModel.h */,
				0C6BDEA320BEE3DB009E36BE /* CheckGoodsModel.m */,
			);
			path = Model;
			sourceTree = "<group>";
		};
		0C6BDEA520C00588009E36BE /* Controller */ = {
			isa = PBXGroup;
			children = (
				0C6BDEA620C005B5009E36BE /* CheckGoodsViewController.h */,
				0C6BDEA720C005B5009E36BE /* CheckGoodsViewController.m */,
			);
			path = Controller;
			sourceTree = "<group>";
		};
		0C6BDEA920C04010009E36BE /* MoneyView */ = {
			isa = PBXGroup;
			children = (
				830555FE20C1209400DC21BA /* insertMoney */,
				0C6BDEAB20C0403C009E36BE /* Controller */,
				0C6BDEAA20C04034009E36BE /* View */,
			);
			path = MoneyView;
			sourceTree = "<group>";
		};
		0C6BDEAA20C04034009E36BE /* View */ = {
			isa = PBXGroup;
			children = (
				0C6BDEAF20C041B4009E36BE /* MoneyTableViewCell.h */,
				0C6BDEB020C041B4009E36BE /* MoneyTableViewCell.m */,
			);
			path = View;
			sourceTree = "<group>";
		};
		0C6BDEAB20C0403C009E36BE /* Controller */ = {
			isa = PBXGroup;
			children = (
				0C6BDEAC20C0404F009E36BE /* MoneyViewController.h */,
				0C6BDEAD20C0404F009E36BE /* MoneyViewController.m */,
			);
			path = Controller;
			sourceTree = "<group>";
		};
		0C6BDEB220C17B6E009E36BE /* complete */ = {
			isa = PBXGroup;
			children = (
				0C6BDEB320C17BD7009E36BE /* CompleteViewController.h */,
				0C6BDEB420C17BD7009E36BE /* CompleteViewController.m */,
			);
			path = complete;
			sourceTree = "<group>";
		};
		0C6BDEB620C1A198009E36BE /* View */ = {
			isa = PBXGroup;
			children = (
				0C6BDEB720C1A26B009E36BE /* goodsInfoTableViewCell.h */,
				0C6BDEB820C1A26B009E36BE /* goodsInfoTableViewCell.m */,
			);
			path = View;
			sourceTree = "<group>";
		};
		0C75C40420BA900A00DD47D4 /* View */ = {
			isa = PBXGroup;
			children = (
				837FF36320BB9FC50093E5FD /* GoodsTableViewCell.h */,
				837FF36420BB9FC50093E5FD /* GoodsTableViewCell.m */,
			);
			path = View;
			sourceTree = "<group>";
		};
		0C782A2520B18F0600B5C834 /* View */ = {
			isa = PBXGroup;
			children = (
				0C782A2620B18F1400B5C834 /* LoginView.h */,
				0C782A2720B18F1400B5C834 /* LoginView.m */,
			);
			path = View;
			sourceTree = "<group>";
		};
		706FC8B57134C6D236B5387E /* Pods */ = {
			isa = PBXGroup;
			children = (
				C833B9D44ACB907B73735510 /* Pods-Secondary_Market.debug.xcconfig */,
				E55E5E46DE5B97FFC2DB5559 /* Pods-Secondary_Market.release.xcconfig */,
			);
			name = Pods;
			sourceTree = "<group>";
		};
		830555FE20C1209400DC21BA /* insertMoney */ = {
			isa = PBXGroup;
			children = (
				0C6BDEB220C17B6E009E36BE /* complete */,
				830555FF20C120C100DC21BA /* InsertMoneyViewController.h */,
				8305560020C120C100DC21BA /* InsertMoneyViewController.m */,
			);
			path = insertMoney;
			sourceTree = "<group>";
		};
		831295AF20B2C0040019F6C3 /* Tools */ = {
			isa = PBXGroup;
			children = (
				831295B020B2C0B40019F6C3 /* UserInfomation.h */,
				831295B120B2C0B40019F6C3 /* UserInfomation.m */,
			);
			path = Tools;
			sourceTree = "<group>";
		};
		8338D19220B651B5008B9343 /* UserSet */ = {
			isa = PBXGroup;
			children = (
				8338D19320B651DE008B9343 /* Controller */,
			);
			path = UserSet;
			sourceTree = "<group>";
		};
		8338D19320B651DE008B9343 /* Controller */ = {
			isa = PBXGroup;
			children = (
				8338D19420B65214008B9343 /* UserSetViewController.h */,
				8338D19520B65214008B9343 /* UserSetViewController.m */,
			);
			path = Controller;
			sourceTree = "<group>";
		};
		8338D19720B6B015008B9343 /* ChildVIew */ = {
			isa = PBXGroup;
			children = (
				0C67CACC20B6E72500B1CCC4 /* SetPhone */,
				0C67CAC820B6E31600B1CCC4 /* SetDep */,
				0C67CAC320B6DDB500B1CCC4 /* SetSex */,
				8338D19820B6B02F008B9343 /* SetName */,
			);
			path = ChildVIew;
			sourceTree = "<group>";
		};
		8338D19820B6B02F008B9343 /* SetName */ = {
			isa = PBXGroup;
			children = (
				0C67CABE20B6D1E600B1CCC4 /* View */,
				8338D19920B6B0A7008B9343 /* SetNameViewController.h */,
				8338D19A20B6B0A7008B9343 /* SetNameViewController.m */,
			);
			path = SetName;
			sourceTree = "<group>";
		};
		83F67C0220B04F4200B9292F = {
			isa = PBXGroup;
			children = (
				83F67C0D20B04F4200B9292F /* Secondary_Market */,
				83F67C2620B04F4200B9292F /* Secondary_MarketTests */,
				83F67C3120B04F4200B9292F /* Secondary_MarketUITests */,
				83F67C0C20B04F4200B9292F /* Products */,
				706FC8B57134C6D236B5387E /* Pods */,
				EB3D102CE7BCD70852549B60 /* Frameworks */,
			);
			sourceTree = "<group>";
		};
		83F67C0C20B04F4200B9292F /* Products */ = {
			isa = PBXGroup;
			children = (
				83F67C0B20B04F4200B9292F /* Secondary_Market.app */,
				83F67C2320B04F4200B9292F /* Secondary_MarketTests.xctest */,
				83F67C2E20B04F4200B9292F /* Secondary_MarketUITests.xctest */,
			);
			name = Products;
			sourceTree = "<group>";
		};
		83F67C0D20B04F4200B9292F /* Secondary_Market */ = {
			isa = PBXGroup;
			children = (
				83F67C0E20B04F4200B9292F /* AppDelegate.h */,
				83F67C0F20B04F4200B9292F /* AppDelegate.m */,
				83F67C1120B04F4200B9292F /* ViewController.h */,
				83F67C1220B04F4200B9292F /* ViewController.m */,
				83F67C4020B0515900B9292F /* Classes */,
				83F67C1720B04F4200B9292F /* Assets.xcassets */,
				83F67C1420B04F4200B9292F /* Main.storyboard */,
				83F67C1920B04F4200B9292F /* LaunchScreen.storyboard */,
				83F67C1C20B04F4200B9292F /* Info.plist */,
				83F67C1D20B04F4200B9292F /* main.m */,
				83F67C6A20B06F6D00B9292F /* image */,
			);
			path = Secondary_Market;
			sourceTree = "<group>";
		};
		83F67C2620B04F4200B9292F /* Secondary_MarketTests */ = {
			isa = PBXGroup;
			children = (
				83F67C2720B04F4200B9292F /* Secondary_MarketTests.m */,
				83F67C2920B04F4200B9292F /* Info.plist */,
			);
			path = Secondary_MarketTests;
			sourceTree = "<group>";
		};
		83F67C3120B04F4200B9292F /* Secondary_MarketUITests */ = {
			isa = PBXGroup;
			children = (
				83F67C3220B04F4200B9292F /* Secondary_MarketUITests.m */,
				83F67C3420B04F4200B9292F /* Info.plist */,
			);
			path = Secondary_MarketUITests;
			sourceTree = "<group>";
		};
		83F67C4020B0515900B9292F /* Classes */ = {
			isa = PBXGroup;
			children = (
				83F67C4120B0516200B9292F /* RootView */,
				0C67CAD020B8293F00B1CCC4 /* NewGoods */,
				83F67C4220B0519400B9292F /* FirstView */,
				83F67C4320B051A500B9292F /* CommunityView */,
				83F67C4420B051ED00B9292F /* MessageView */,
				83F67C4520B0527500B9292F /* UserView */,
				831295AF20B2C0040019F6C3 /* Tools */,
				0C1F449520B2EAB900D177A5 /* RegisterView */,
				83F67C8120B1139500B9292F /* Login */,
				0C6A867220B59D6B00C8D350 /* UserInfomation */,
				8338D19220B651B5008B9343 /* UserSet */,
			);
			path = Classes;
			sourceTree = "<group>";
		};
		83F67C4120B0516200B9292F /* RootView */ = {
			isa = PBXGroup;
			children = (
				83F67C6B20B0928100B9292F /* View */,
				83F67C5120B0553200B9292F /* Controller */,
			);
			path = RootView;
			sourceTree = "<group>";
		};
		83F67C4220B0519400B9292F /* FirstView */ = {
			isa = PBXGroup;
			children = (
				0C6BDEA020BCFA8E009E36BE /* CheckGoodsView */,
				0C6BDE9F20BC2E20009E36BE /* Model */,
				0C75C40420BA900A00DD47D4 /* View */,
				83F67C5020B054F000B9292F /* Controller */,
			);
			path = FirstView;
			sourceTree = "<group>";
		};
		83F67C4320B051A500B9292F /* CommunityView */ = {
			isa = PBXGroup;
			children = (
				83F67C5820B055FD00B9292F /* Controller */,
			);
			path = CommunityView;
			sourceTree = "<group>";
		};
		83F67C4420B051ED00B9292F /* MessageView */ = {
			isa = PBXGroup;
			children = (
				83F67C5920B0579500B9292F /* Controller */,
			);
			path = MessageView;
			sourceTree = "<group>";
		};
		83F67C4520B0527500B9292F /* UserView */ = {
			isa = PBXGroup;
			children = (
				0C6BDEA920C04010009E36BE /* MoneyView */,
				0C6A866E20B5858600C8D350 /* View */,
				83F67C5D20B0580E00B9292F /* Controller */,
			);
			path = UserView;
			sourceTree = "<group>";
		};
		83F67C5020B054F000B9292F /* Controller */ = {
			isa = PBXGroup;
			children = (
				83F67C4C20B0539300B9292F /* FirstViewNavigationController.h */,
				83F67C4D20B0539300B9292F /* FirstViewNavigationController.m */,
				83F67C5E20B065E500B9292F /* FirstViewController.h */,
				83F67C5F20B065E500B9292F /* FirstViewController.m */,
			);
			path = Controller;
			sourceTree = "<group>";
		};
		83F67C5120B0553200B9292F /* Controller */ = {
			isa = PBXGroup;
			children = (
				83F67C4920B0534A00B9292F /* RootViewController.h */,
				83F67C4A20B0534A00B9292F /* RootViewController.m */,
			);
			path = Controller;
			sourceTree = "<group>";
		};
		83F67C5820B055FD00B9292F /* Controller */ = {
			isa = PBXGroup;
			children = (
				83F67C5220B055A600B9292F /* CommunityViewNavController.h */,
				83F67C5320B055A600B9292F /* CommunityViewNavController.m */,
				83F67C6120B0665F00B9292F /* CommunityViewController.h */,
				83F67C6220B0665F00B9292F /* CommunityViewController.m */,
			);
			path = Controller;
			sourceTree = "<group>";
		};
		83F67C5920B0579500B9292F /* Controller */ = {
			isa = PBXGroup;
			children = (
				83F67C5520B055F200B9292F /* MessageViewNavController.h */,
				83F67C5620B055F200B9292F /* MessageViewNavController.m */,
				83F67C6420B0669500B9292F /* MessageViewController.h */,
				83F67C6520B0669500B9292F /* MessageViewController.m */,
			);
			path = Controller;
			sourceTree = "<group>";
		};
		83F67C5D20B0580E00B9292F /* Controller */ = {
			isa = PBXGroup;
			children = (
				83F67C5A20B057B100B9292F /* UserViewNavController.h */,
				83F67C5B20B057B100B9292F /* UserViewNavController.m */,
				83F67C6720B066AA00B9292F /* UserViewController.h */,
				83F67C6820B066AA00B9292F /* UserViewController.m */,
			);
			path = Controller;
			sourceTree = "<group>";
		};
		83F67C6A20B06F6D00B9292F /* image */ = {
			isa = PBXGroup;
			children = (
			);
			path = image;
			sourceTree = "<group>";
		};
		83F67C6B20B0928100B9292F /* View */ = {
			isa = PBXGroup;
			children = (
				83F67C7B20B1000200B9292F /* MCTabBar.h */,
				83F67C7C20B1000200B9292F /* MCTabBar.m */,
			);
			path = View;
			sourceTree = "<group>";
		};
		83F67C8120B1139500B9292F /* Login */ = {
			isa = PBXGroup;
			children = (
				0C782A2520B18F0600B5C834 /* View */,
				83F67C8220B113AA00B9292F /* Controller */,
			);
			path = Login;
			sourceTree = "<group>";
		};
		83F67C8220B113AA00B9292F /* Controller */ = {
			isa = PBXGroup;
			children = (
				83F67C7E20B1138D00B9292F /* LoginViewController.h */,
				83F67C7F20B1138D00B9292F /* LoginViewController.m */,
				0C782A2920B1923E00B5C834 /* LoginNavController.h */,
				0C782A2A20B1923E00B5C834 /* LoginNavController.m */,
			);
			path = Controller;
			sourceTree = "<group>";
		};
		EB3D102CE7BCD70852549B60 /* Frameworks */ = {
			isa = PBXGroup;
			children = (
				53B3CC458F0D252F890DEDFD /* libPods-Secondary_Market.a */,
			);
			name = Frameworks;
			sourceTree = "<group>";
		};
/* End PBXGroup section */

/* Begin PBXNativeTarget section */
		83F67C0A20B04F4200B9292F /* Secondary_Market */ = {
			isa = PBXNativeTarget;
			buildConfigurationList = 83F67C3720B04F4200B9292F /* Build configuration list for PBXNativeTarget "Secondary_Market" */;
			buildPhases = (
				0CFAC264B9FE2DCB14C5F46A /* [CP] Check Pods Manifest.lock */,
				83F67C0720B04F4200B9292F /* Sources */,
				83F67C0820B04F4200B9292F /* Frameworks */,
				83F67C0920B04F4200B9292F /* Resources */,
				76D4335100A7E8E20068B7E6 /* [CP] Copy Pods Resources */,
			);
			buildRules = (
			);
			dependencies = (
			);
			name = Secondary_Market;
			productName = Secondary_Market;
			productReference = 83F67C0B20B04F4200B9292F /* Secondary_Market.app */;
			productType = "com.apple.product-type.application";
		};
		83F67C2220B04F4200B9292F /* Secondary_MarketTests */ = {
			isa = PBXNativeTarget;
			buildConfigurationList = 83F67C3A20B04F4200B9292F /* Build configuration list for PBXNativeTarget "Secondary_MarketTests" */;
			buildPhases = (
				83F67C1F20B04F4200B9292F /* Sources */,
				83F67C2020B04F4200B9292F /* Frameworks */,
				83F67C2120B04F4200B9292F /* Resources */,
			);
			buildRules = (
			);
			dependencies = (
				83F67C2520B04F4200B9292F /* PBXTargetDependency */,
			);
			name = Secondary_MarketTests;
			productName = Secondary_MarketTests;
			productReference = 83F67C2320B04F4200B9292F /* Secondary_MarketTests.xctest */;
			productType = "com.apple.product-type.bundle.unit-test";
		};
		83F67C2D20B04F4200B9292F /* Secondary_MarketUITests */ = {
			isa = PBXNativeTarget;
			buildConfigurationList = 83F67C3D20B04F4200B9292F /* Build configuration list for PBXNativeTarget "Secondary_MarketUITests" */;
			buildPhases = (
				83F67C2A20B04F4200B9292F /* Sources */,
				83F67C2B20B04F4200B9292F /* Frameworks */,
				83F67C2C20B04F4200B9292F /* Resources */,
			);
			buildRules = (
			);
			dependencies = (
				83F67C3020B04F4200B9292F /* PBXTargetDependency */,
			);
			name = Secondary_MarketUITests;
			productName = Secondary_MarketUITests;
			productReference = 83F67C2E20B04F4200B9292F /* Secondary_MarketUITests.xctest */;
			productType = "com.apple.product-type.bundle.ui-testing";
		};
/* End PBXNativeTarget section */

/* Begin PBXProject section */
		83F67C0320B04F4200B9292F /* Project object */ = {
			isa = PBXProject;
			attributes = {
				LastUpgradeCheck = 0920;
				ORGANIZATIONNAME = sagezhong;
				TargetAttributes = {
					83F67C0A20B04F4200B9292F = {
						CreatedOnToolsVersion = 9.2;
						ProvisioningStyle = Automatic;
					};
					83F67C2220B04F4200B9292F = {
						CreatedOnToolsVersion = 9.2;
						ProvisioningStyle = Automatic;
						TestTargetID = 83F67C0A20B04F4200B9292F;
					};
					83F67C2D20B04F4200B9292F = {
						CreatedOnToolsVersion = 9.2;
						ProvisioningStyle = Automatic;
						TestTargetID = 83F67C0A20B04F4200B9292F;
					};
				};
			};
			buildConfigurationList = 83F67C0620B04F4200B9292F /* Build configuration list for PBXProject "Secondary_Market" */;
			compatibilityVersion = "Xcode 8.0";
			developmentRegion = en;
			hasScannedForEncodings = 0;
			knownRegions = (
				en,
				Base,
			);
			mainGroup = 83F67C0220B04F4200B9292F;
			productRefGroup = 83F67C0C20B04F4200B9292F /* Products */;
			projectDirPath = "";
			projectRoot = "";
			targets = (
				83F67C0A20B04F4200B9292F /* Secondary_Market */,
				83F67C2220B04F4200B9292F /* Secondary_MarketTests */,
				83F67C2D20B04F4200B9292F /* Secondary_MarketUITests */,
			);
		};
/* End PBXProject section */

/* Begin PBXResourcesBuildPhase section */
		83F67C0920B04F4200B9292F /* Resources */ = {
			isa = PBXResourcesBuildPhase;
			buildActionMask = 2147483647;
			files = (
				83F67C1B20B04F4200B9292F /* LaunchScreen.storyboard in Resources */,
				83F67C1820B04F4200B9292F /* Assets.xcassets in Resources */,
				83F67C1620B04F4200B9292F /* Main.storyboard in Resources */,
			);
			runOnlyForDeploymentPostprocessing = 0;
		};
		83F67C2120B04F4200B9292F /* Resources */ = {
			isa = PBXResourcesBuildPhase;
			buildActionMask = 2147483647;
			files = (
			);
			runOnlyForDeploymentPostprocessing = 0;
		};
		83F67C2C20B04F4200B9292F /* Resources */ = {
			isa = PBXResourcesBuildPhase;
			buildActionMask = 2147483647;
			files = (
			);
			runOnlyForDeploymentPostprocessing = 0;
		};
/* End PBXResourcesBuildPhase section */

/* Begin PBXShellScriptBuildPhase section */
		0CFAC264B9FE2DCB14C5F46A /* [CP] Check Pods Manifest.lock */ = {
			isa = PBXShellScriptBuildPhase;
			buildActionMask = 2147483647;
			files = (
			);
			inputPaths = (
				"${PODS_PODFILE_DIR_PATH}/Podfile.lock",
				"${PODS_ROOT}/Manifest.lock",
			);
			name = "[CP] Check Pods Manifest.lock";
			outputPaths = (
				"$(DERIVED_FILE_DIR)/Pods-Secondary_Market-checkManifestLockResult.txt",
			);
			runOnlyForDeploymentPostprocessing = 0;
			shellPath = /bin/sh;
			shellScript = "diff \"${PODS_PODFILE_DIR_PATH}/Podfile.lock\" \"${PODS_ROOT}/Manifest.lock\" > /dev/null\nif [ $? != 0 ] ; then\n    # print error to STDERR\n    echo \"error: The sandbox is not in sync with the Podfile.lock. Run 'pod install' or update your CocoaPods installation.\" >&2\n    exit 1\nfi\n# This output is used by Xcode 'outputs' to avoid re-running this script phase.\necho \"SUCCESS\" > \"${SCRIPT_OUTPUT_FILE_0}\"\n";
			showEnvVarsInLog = 0;
		};
		76D4335100A7E8E20068B7E6 /* [CP] Copy Pods Resources */ = {
			isa = PBXShellScriptBuildPhase;
			buildActionMask = 2147483647;
			files = (
			);
			inputPaths = (
				"${SRCROOT}/Pods/Target Support Files/Pods-Secondary_Market/Pods-Secondary_Market-resources.sh",
				"${PODS_ROOT}/MJRefresh/MJRefresh/MJRefresh.bundle",
				"${PODS_ROOT}/PYPhotoBrowser/PYPhotoBrowser/PYPhotosView.bundle",
				"${PODS_ROOT}/SVProgressHUD/SVProgressHUD/SVProgressHUD.bundle",
				"${PODS_ROOT}/TZImagePickerController/TZImagePickerController/TZImagePickerController/TZImagePickerController.bundle",
			);
			name = "[CP] Copy Pods Resources";
			outputPaths = (
				"${TARGET_BUILD_DIR}/${UNLOCALIZED_RESOURCES_FOLDER_PATH}/MJRefresh.bundle",
				"${TARGET_BUILD_DIR}/${UNLOCALIZED_RESOURCES_FOLDER_PATH}/PYPhotosView.bundle",
				"${TARGET_BUILD_DIR}/${UNLOCALIZED_RESOURCES_FOLDER_PATH}/SVProgressHUD.bundle",
				"${TARGET_BUILD_DIR}/${UNLOCALIZED_RESOURCES_FOLDER_PATH}/TZImagePickerController.bundle",
			);
			runOnlyForDeploymentPostprocessing = 0;
			shellPath = /bin/sh;
			shellScript = "\"${SRCROOT}/Pods/Target Support Files/Pods-Secondary_Market/Pods-Secondary_Market-resources.sh\"\n";
			showEnvVarsInLog = 0;
		};
/* End PBXShellScriptBuildPhase section */

/* Begin PBXSourcesBuildPhase section */
		83F67C0720B04F4200B9292F /* Sources */ = {
			isa = PBXSourcesBuildPhase;
			buildActionMask = 2147483647;
			files = (
				831295B220B2C0B40019F6C3 /* UserInfomation.m in Sources */,
				83F67C1320B04F4200B9292F /* ViewController.m in Sources */,
				8305560120C120C100DC21BA /* InsertMoneyViewController.m in Sources */,
				0C6BDEA420BEE3DB009E36BE /* CheckGoodsModel.m in Sources */,
				0C6BDEAE20C0404F009E36BE /* MoneyViewController.m in Sources */,
				8338D19B20B6B0A7008B9343 /* SetNameViewController.m in Sources */,
				0C67CAC220B6D21E00B1CCC4 /* TextFieldCell.m in Sources */,
				0C782A2B20B1923E00B5C834 /* LoginNavController.m in Sources */,
				0C67CACB20B6E3FE00B1CCC4 /* SetDepViewController.m in Sources */,
				837FF36520BB9FC50093E5FD /* GoodsTableViewCell.m in Sources */,
				83F67C6620B0669500B9292F /* MessageViewController.m in Sources */,
				0C67CAC720B6DE0100B1CCC4 /* SetSexViewController.m in Sources */,
				83F67C7D20B1000200B9292F /* MCTabBar.m in Sources */,
				0C6A867520B59DA800C8D350 /* UserInfoViewController.m in Sources */,
				8338D19620B65214008B9343 /* UserSetViewController.m in Sources */,
				0C1F449A20B2EB4B00D177A5 /* RegisterView.m in Sources */,
				0C6BDEA820C005B5009E36BE /* CheckGoodsViewController.m in Sources */,
				0C67CACF20B6E73900B1CCC4 /* SetPhoneViewController.m in Sources */,
				0C782A2820B18F1400B5C834 /* LoginView.m in Sources */,
				0C6BDEB920C1A26B009E36BE /* goodsInfoTableViewCell.m in Sources */,
				83F67C6020B065E500B9292F /* FirstViewController.m in Sources */,
				83F67C8020B1138D00B9292F /* LoginViewController.m in Sources */,
				0C6BDEB120C041B4009E36BE /* MoneyTableViewCell.m in Sources */,
				83F67C6320B0665F00B9292F /* CommunityViewController.m in Sources */,
				83F67C4E20B0539300B9292F /* FirstViewNavigationController.m in Sources */,
				0C6BDE9E20BC2E18009E36BE /* goodsInfoModel.m in Sources */,
				83F67C5420B055A600B9292F /* CommunityViewNavController.m in Sources */,
				0C6A867120B585AB00C8D350 /* UserTableViewCell.m in Sources */,
				83F67C1E20B04F4200B9292F /* main.m in Sources */,
				83F67C4B20B0534A00B9292F /* RootViewController.m in Sources */,
				83F67C5C20B057B100B9292F /* UserViewNavController.m in Sources */,
				0C67CAD320B8306000B1CCC4 /* AddGoodsViewController.m in Sources */,
				0C1F44A020B2EDC600D177A5 /* RegisterViewController.m in Sources */,
				83F67C6920B066AA00B9292F /* UserViewController.m in Sources */,
				83F67C5720B055F200B9292F /* MessageViewNavController.m in Sources */,
				83F67C1020B04F4200B9292F /* AppDelegate.m in Sources */,
				0C6BDEB520C17BD7009E36BE /* CompleteViewController.m in Sources */,
			);
			runOnlyForDeploymentPostprocessing = 0;
		};
		83F67C1F20B04F4200B9292F /* Sources */ = {
			isa = PBXSourcesBuildPhase;
			buildActionMask = 2147483647;
			files = (
				83F67C2820B04F4200B9292F /* Secondary_MarketTests.m in Sources */,
			);
			runOnlyForDeploymentPostprocessing = 0;
		};
		83F67C2A20B04F4200B9292F /* Sources */ = {
			isa = PBXSourcesBuildPhase;
			buildActionMask = 2147483647;
			files = (
				83F67C3320B04F4200B9292F /* Secondary_MarketUITests.m in Sources */,
			);
			runOnlyForDeploymentPostprocessing = 0;
		};
/* End PBXSourcesBuildPhase section */

/* Begin PBXTargetDependency section */
		83F67C2520B04F4200B9292F /* PBXTargetDependency */ = {
			isa = PBXTargetDependency;
			target = 83F67C0A20B04F4200B9292F /* Secondary_Market */;
			targetProxy = 83F67C2420B04F4200B9292F /* PBXContainerItemProxy */;
		};
		83F67C3020B04F4200B9292F /* PBXTargetDependency */ = {
			isa = PBXTargetDependency;
			target = 83F67C0A20B04F4200B9292F /* Secondary_Market */;
			targetProxy = 83F67C2F20B04F4200B9292F /* PBXContainerItemProxy */;
		};
/* End PBXTargetDependency section */

/* Begin PBXVariantGroup section */
		83F67C1420B04F4200B9292F /* Main.storyboard */ = {
			isa = PBXVariantGroup;
			children = (
				83F67C1520B04F4200B9292F /* Base */,
			);
			name = Main.storyboard;
			sourceTree = "<group>";
		};
		83F67C1920B04F4200B9292F /* LaunchScreen.storyboard */ = {
			isa = PBXVariantGroup;
			children = (
				83F67C1A20B04F4200B9292F /* Base */,
			);
			name = LaunchScreen.storyboard;
			sourceTree = "<group>";
		};
/* End PBXVariantGroup section */

/* Begin XCBuildConfiguration section */
		83F67C3520B04F4200B9292F /* Debug */ = {
			isa = XCBuildConfiguration;
			buildSettings = {
				ALWAYS_SEARCH_USER_PATHS = NO;
				CLANG_ANALYZER_NONNULL = YES;
				CLANG_ANALYZER_NUMBER_OBJECT_CONVERSION = YES_AGGRESSIVE;
				CLANG_CXX_LANGUAGE_STANDARD = "gnu++14";
				CLANG_CXX_LIBRARY = "libc++";
				CLANG_ENABLE_MODULES = YES;
				CLANG_ENABLE_OBJC_ARC = YES;
				CLANG_WARN_BLOCK_CAPTURE_AUTORELEASING = YES;
				CLANG_WARN_BOOL_CONVERSION = YES;
				CLANG_WARN_COMMA = YES;
				CLANG_WARN_CONSTANT_CONVERSION = YES;
				CLANG_WARN_DIRECT_OBJC_ISA_USAGE = YES_ERROR;
				CLANG_WARN_DOCUMENTATION_COMMENTS = YES;
				CLANG_WARN_EMPTY_BODY = YES;
				CLANG_WARN_ENUM_CONVERSION = YES;
				CLANG_WARN_INFINITE_RECURSION = YES;
				CLANG_WARN_INT_CONVERSION = YES;
				CLANG_WARN_NON_LITERAL_NULL_CONVERSION = YES;
				CLANG_WARN_OBJC_LITERAL_CONVERSION = YES;
				CLANG_WARN_OBJC_ROOT_CLASS = YES_ERROR;
				CLANG_WARN_RANGE_LOOP_ANALYSIS = YES;
				CLANG_WARN_STRICT_PROTOTYPES = YES;
				CLANG_WARN_SUSPICIOUS_MOVE = YES;
				CLANG_WARN_UNGUARDED_AVAILABILITY = YES_AGGRESSIVE;
				CLANG_WARN_UNREACHABLE_CODE = YES;
				CLANG_WARN__DUPLICATE_METHOD_MATCH = YES;
				CODE_SIGN_IDENTITY = "iPhone Developer";
				COPY_PHASE_STRIP = NO;
				DEBUG_INFORMATION_FORMAT = dwarf;
				ENABLE_STRICT_OBJC_MSGSEND = YES;
				ENABLE_TESTABILITY = YES;
				GCC_C_LANGUAGE_STANDARD = gnu11;
				GCC_DYNAMIC_NO_PIC = NO;
				GCC_NO_COMMON_BLOCKS = YES;
				GCC_OPTIMIZATION_LEVEL = 0;
				GCC_PREPROCESSOR_DEFINITIONS = (
					"DEBUG=1",
					"$(inherited)",
				);
				GCC_WARN_64_TO_32_BIT_CONVERSION = YES;
				GCC_WARN_ABOUT_RETURN_TYPE = YES_ERROR;
				GCC_WARN_UNDECLARED_SELECTOR = YES;
				GCC_WARN_UNINITIALIZED_AUTOS = YES_AGGRESSIVE;
				GCC_WARN_UNUSED_FUNCTION = YES;
				GCC_WARN_UNUSED_VARIABLE = YES;
				IPHONEOS_DEPLOYMENT_TARGET = 8.0;
				MTL_ENABLE_DEBUG_INFO = YES;
				ONLY_ACTIVE_ARCH = YES;
				SDKROOT = iphoneos;
			};
			name = Debug;
		};
		83F67C3620B04F4200B9292F /* Release */ = {
			isa = XCBuildConfiguration;
			buildSettings = {
				ALWAYS_SEARCH_USER_PATHS = NO;
				CLANG_ANALYZER_NONNULL = YES;
				CLANG_ANALYZER_NUMBER_OBJECT_CONVERSION = YES_AGGRESSIVE;
				CLANG_CXX_LANGUAGE_STANDARD = "gnu++14";
				CLANG_CXX_LIBRARY = "libc++";
				CLANG_ENABLE_MODULES = YES;
				CLANG_ENABLE_OBJC_ARC = YES;
				CLANG_WARN_BLOCK_CAPTURE_AUTORELEASING = YES;
				CLANG_WARN_BOOL_CONVERSION = YES;
				CLANG_WARN_COMMA = YES;
				CLANG_WARN_CONSTANT_CONVERSION = YES;
				CLANG_WARN_DIRECT_OBJC_ISA_USAGE = YES_ERROR;
				CLANG_WARN_DOCUMENTATION_COMMENTS = YES;
				CLANG_WARN_EMPTY_BODY = YES;
				CLANG_WARN_ENUM_CONVERSION = YES;
				CLANG_WARN_INFINITE_RECURSION = YES;
				CLANG_WARN_INT_CONVERSION = YES;
				CLANG_WARN_NON_LITERAL_NULL_CONVERSION = YES;
				CLANG_WARN_OBJC_LITERAL_CONVERSION = YES;
				CLANG_WARN_OBJC_ROOT_CLASS = YES_ERROR;
				CLANG_WARN_RANGE_LOOP_ANALYSIS = YES;
				CLANG_WARN_STRICT_PROTOTYPES = YES;
				CLANG_WARN_SUSPICIOUS_MOVE = YES;
				CLANG_WARN_UNGUARDED_AVAILABILITY = YES_AGGRESSIVE;
				CLANG_WARN_UNREACHABLE_CODE = YES;
				CLANG_WARN__DUPLICATE_METHOD_MATCH = YES;
				CODE_SIGN_IDENTITY = "iPhone Developer";
				COPY_PHASE_STRIP = NO;
				DEBUG_INFORMATION_FORMAT = "dwarf-with-dsym";
				ENABLE_NS_ASSERTIONS = NO;
				ENABLE_STRICT_OBJC_MSGSEND = YES;
				GCC_C_LANGUAGE_STANDARD = gnu11;
				GCC_NO_COMMON_BLOCKS = YES;
				GCC_WARN_64_TO_32_BIT_CONVERSION = YES;
				GCC_WARN_ABOUT_RETURN_TYPE = YES_ERROR;
				GCC_WARN_UNDECLARED_SELECTOR = YES;
				GCC_WARN_UNINITIALIZED_AUTOS = YES_AGGRESSIVE;
				GCC_WARN_UNUSED_FUNCTION = YES;
				GCC_WARN_UNUSED_VARIABLE = YES;
				IPHONEOS_DEPLOYMENT_TARGET = 8.0;
				MTL_ENABLE_DEBUG_INFO = NO;
				SDKROOT = iphoneos;
				VALIDATE_PRODUCT = YES;
			};
			name = Release;
		};
		83F67C3820B04F4200B9292F /* Debug */ = {
			isa = XCBuildConfiguration;
			baseConfigurationReference = C833B9D44ACB907B73735510 /* Pods-Secondary_Market.debug.xcconfig */;
			buildSettings = {
				ASSETCATALOG_COMPILER_APPICON_NAME = AppIcon;
				CODE_SIGN_STYLE = Automatic;
				DEVELOPMENT_TEAM = JJDMPBT9B3;
				INFOPLIST_FILE = Secondary_Market/Info.plist;
				IPHONEOS_DEPLOYMENT_TARGET = 8.0;
				LD_RUNPATH_SEARCH_PATHS = "$(inherited) @executable_path/Frameworks";
				PRODUCT_BUNDLE_IDENTIFIER = "sagezhong.Secondary-Market";
				PRODUCT_NAME = "$(TARGET_NAME)";
				TARGETED_DEVICE_FAMILY = "1,2";
			};
			name = Debug;
		};
		83F67C3920B04F4200B9292F /* Release */ = {
			isa = XCBuildConfiguration;
			baseConfigurationReference = E55E5E46DE5B97FFC2DB5559 /* Pods-Secondary_Market.release.xcconfig */;
			buildSettings = {
				ASSETCATALOG_COMPILER_APPICON_NAME = AppIcon;
				CODE_SIGN_STYLE = Automatic;
				DEVELOPMENT_TEAM = JJDMPBT9B3;
				INFOPLIST_FILE = Secondary_Market/Info.plist;
				IPHONEOS_DEPLOYMENT_TARGET = 8.0;
				LD_RUNPATH_SEARCH_PATHS = "$(inherited) @executable_path/Frameworks";
				PRODUCT_BUNDLE_IDENTIFIER = "sagezhong.Secondary-Market";
				PRODUCT_NAME = "$(TARGET_NAME)";
				TARGETED_DEVICE_FAMILY = "1,2";
			};
			name = Release;
		};
		83F67C3B20B04F4200B9292F /* Debug */ = {
			isa = XCBuildConfiguration;
			buildSettings = {
				BUNDLE_LOADER = "$(TEST_HOST)";
				CODE_SIGN_STYLE = Automatic;
				DEVELOPMENT_TEAM = JJDMPBT9B3;
				INFOPLIST_FILE = Secondary_MarketTests/Info.plist;
				LD_RUNPATH_SEARCH_PATHS = "$(inherited) @executable_path/Frameworks @loader_path/Frameworks";
				PRODUCT_BUNDLE_IDENTIFIER = "sagezhong.Secondary-MarketTests";
				PRODUCT_NAME = "$(TARGET_NAME)";
				TARGETED_DEVICE_FAMILY = "1,2";
				TEST_HOST = "$(BUILT_PRODUCTS_DIR)/Secondary_Market.app/Secondary_Market";
			};
			name = Debug;
		};
		83F67C3C20B04F4200B9292F /* Release */ = {
			isa = XCBuildConfiguration;
			buildSettings = {
				BUNDLE_LOADER = "$(TEST_HOST)";
				CODE_SIGN_STYLE = Automatic;
				DEVELOPMENT_TEAM = JJDMPBT9B3;
				INFOPLIST_FILE = Secondary_MarketTests/Info.plist;
				LD_RUNPATH_SEARCH_PATHS = "$(inherited) @executable_path/Frameworks @loader_path/Frameworks";
				PRODUCT_BUNDLE_IDENTIFIER = "sagezhong.Secondary-MarketTests";
				PRODUCT_NAME = "$(TARGET_NAME)";
				TARGETED_DEVICE_FAMILY = "1,2";
				TEST_HOST = "$(BUILT_PRODUCTS_DIR)/Secondary_Market.app/Secondary_Market";
			};
			name = Release;
		};
		83F67C3E20B04F4200B9292F /* Debug */ = {
			isa = XCBuildConfiguration;
			buildSettings = {
				CODE_SIGN_STYLE = Automatic;
				DEVELOPMENT_TEAM = JJDMPBT9B3;
				INFOPLIST_FILE = Secondary_MarketUITests/Info.plist;
				LD_RUNPATH_SEARCH_PATHS = "$(inherited) @executable_path/Frameworks @loader_path/Frameworks";
				PRODUCT_BUNDLE_IDENTIFIER = "sagezhong.Secondary-MarketUITests";
				PRODUCT_NAME = "$(TARGET_NAME)";
				TARGETED_DEVICE_FAMILY = "1,2";
				TEST_TARGET_NAME = Secondary_Market;
			};
			name = Debug;
		};
		83F67C3F20B04F4200B9292F /* Release */ = {
			isa = XCBuildConfiguration;
			buildSettings = {
				CODE_SIGN_STYLE = Automatic;
				DEVELOPMENT_TEAM = JJDMPBT9B3;
				INFOPLIST_FILE = Secondary_MarketUITests/Info.plist;
				LD_RUNPATH_SEARCH_PATHS = "$(inherited) @executable_path/Frameworks @loader_path/Frameworks";
				PRODUCT_BUNDLE_IDENTIFIER = "sagezhong.Secondary-MarketUITests";
				PRODUCT_NAME = "$(TARGET_NAME)";
				TARGETED_DEVICE_FAMILY = "1,2";
				TEST_TARGET_NAME = Secondary_Market;
			};
			name = Release;
		};
/* End XCBuildConfiguration section */

/* Begin XCConfigurationList section */
		83F67C0620B04F4200B9292F /* Build configuration list for PBXProject "Secondary_Market" */ = {
			isa = XCConfigurationList;
			buildConfigurations = (
				83F67C3520B04F4200B9292F /* Debug */,
				83F67C3620B04F4200B9292F /* Release */,
			);
			defaultConfigurationIsVisible = 0;
			defaultConfigurationName = Release;
		};
		83F67C3720B04F4200B9292F /* Build configuration list for PBXNativeTarget "Secondary_Market" */ = {
			isa = XCConfigurationList;
			buildConfigurations = (
				83F67C3820B04F4200B9292F /* Debug */,
				83F67C3920B04F4200B9292F /* Release */,
			);
			defaultConfigurationIsVisible = 0;
			defaultConfigurationName = Release;
		};
		83F67C3A20B04F4200B9292F /* Build configuration list for PBXNativeTarget "Secondary_MarketTests" */ = {
			isa = XCConfigurationList;
			buildConfigurations = (
				83F67C3B20B04F4200B9292F /* Debug */,
				83F67C3C20B04F4200B9292F /* Release */,
			);
			defaultConfigurationIsVisible = 0;
			defaultConfigurationName = Release;
		};
		83F67C3D20B04F4200B9292F /* Build configuration list for PBXNativeTarget "Secondary_MarketUITests" */ = {
			isa = XCConfigurationList;
			buildConfigurations = (
				83F67C3E20B04F4200B9292F /* Debug */,
				83F67C3F20B04F4200B9292F /* Release */,
			);
			defaultConfigurationIsVisible = 0;
			defaultConfigurationName = Release;
		};
/* End XCConfigurationList section */
	};
	rootObject = 83F67C0320B04F4200B9292F /* Project object */;
}
